// !$*UTF8*$!
{
	archiveVersion = 1;
	classes = {
	};
	objectVersion = 50;
	objects = {

/* Begin PBXBuildFile section */
		7E3884C922B21996009D2B46 /* main.swift in Sources */ = {isa = PBXBuildFile; fileRef = 7E3884C822B21996009D2B46 /* main.swift */; };
		7E3884D022B21A17009D2B46 /* Employees.swift in Sources */ = {isa = PBXBuildFile; fileRef = 7E3884CF22B21A17009D2B46 /* Employees.swift */; };
		7E3884D222B21A62009D2B46 /* Librarian.swift in Sources */ = {isa = PBXBuildFile; fileRef = 7E3884D122B21A62009D2B46 /* Librarian.swift */; };
		7E3884D822B21B49009D2B46 /* Users.swift in Sources */ = {isa = PBXBuildFile; fileRef = 7E3884D722B21B49009D2B46 /* Users.swift */; };
		7E3884DA22B21B5B009D2B46 /* Teachers.swift in Sources */ = {isa = PBXBuildFile; fileRef = 7E3884D922B21B5B009D2B46 /* Teachers.swift */; };
		7E3884DC22B21B68009D2B46 /* Students.swift in Sources */ = {isa = PBXBuildFile; fileRef = 7E3884DB22B21B68009D2B46 /* Students.swift */; };
		7E3884DE22B21B87009D2B46 /* Books.swift in Sources */ = {isa = PBXBuildFile; fileRef = 7E3884DD22B21B87009D2B46 /* Books.swift */; };
		7EF922A922B5E05400DB4971 /* Address.swift in Sources */ = {isa = PBXBuildFile; fileRef = 7EF922A822B5E05400DB4971 /* Address.swift */; };
		7EFA67AF22B6F8F400B808AF /* Display.swift in Sources */ = {isa = PBXBuildFile; fileRef = 7EFA67AE22B6F8F400B808AF /* Display.swift */; };
/* End PBXBuildFile section */

/* Begin PBXCopyFilesBuildPhase section */
		7E3884C322B21996009D2B46 /* CopyFiles */ = {
			isa = PBXCopyFilesBuildPhase;
			buildActionMask = 2147483647;
			dstPath = /usr/share/man/man1/;
			dstSubfolderSpec = 0;
			files = (
			);
			runOnlyForDeploymentPostprocessing = 1;
		};
/* End PBXCopyFilesBuildPhase section */

/* Begin PBXFileReference section */
		7E3884C522B21996009D2B46 /* LibraryManagementSystem */ = {isa = PBXFileReference; explicitFileType = "compiled.mach-o.executable"; includeInIndex = 0; path = LibraryManagementSystem; sourceTree = BUILT_PRODUCTS_DIR; };
		7E3884C822B21996009D2B46 /* main.swift */ = {isa = PBXFileReference; lastKnownFileType = sourcecode.swift; path = main.swift; sourceTree = "<group>"; };
		7E3884CF22B21A17009D2B46 /* Employees.swift */ = {isa = PBXFileReference; lastKnownFileType = sourcecode.swift; path = Employees.swift; sourceTree = "<group>"; };
		7E3884D122B21A62009D2B46 /* Librarian.swift */ = {isa = PBXFileReference; lastKnownFileType = sourcecode.swift; path = Librarian.swift; sourceTree = "<group>"; };
		7E3884D722B21B49009D2B46 /* Users.swift */ = {isa = PBXFileReference; lastKnownFileType = sourcecode.swift; path = Users.swift; sourceTree = "<group>"; };
		7E3884D922B21B5B009D2B46 /* Teachers.swift */ = {isa = PBXFileReference; lastKnownFileType = sourcecode.swift; path = Teachers.swift; sourceTree = "<group>"; };
		7E3884DB22B21B68009D2B46 /* Students.swift */ = {isa = PBXFileReference; lastKnownFileType = sourcecode.swift; path = Students.swift; sourceTree = "<group>"; };
		7E3884DD22B21B87009D2B46 /* Books.swift */ = {isa = PBXFileReference; lastKnownFileType = sourcecode.swift; path = Books.swift; sourceTree = "<group>"; };
		7EF922A822B5E05400DB4971 /* Address.swift */ = {isa = PBXFileReference; lastKnownFileType = sourcecode.swift; path = Address.swift; sourceTree = "<group>"; };
		7EFA67AE22B6F8F400B808AF /* Display.swift */ = {isa = PBXFileReference; lastKnownFileType = sourcecode.swift; path = Display.swift; sourceTree = "<group>"; };
/* End PBXFileReference section */

/* Begin PBXFrameworksBuildPhase section */
		7E3884C222B21996009D2B46 /* Frameworks */ = {
			isa = PBXFrameworksBuildPhase;
			buildActionMask = 2147483647;
			files = (
			);
			runOnlyForDeploymentPostprocessing = 0;
		};
/* End PBXFrameworksBuildPhase section */

/* Begin PBXGroup section */
		7E3884BC22B21996009D2B46 = {
			isa = PBXGroup;
			children = (
				7E3884C722B21996009D2B46 /* LibraryManagementSystem */,
				7E3884C622B21996009D2B46 /* Products */,
			);
			sourceTree = "<group>";
		};
		7E3884C622B21996009D2B46 /* Products */ = {
			isa = PBXGroup;
			children = (
				7E3884C522B21996009D2B46 /* LibraryManagementSystem */,
			);
			name = Products;
			sourceTree = "<group>";
		};
		7E3884C722B21996009D2B46 /* LibraryManagementSystem */ = {
			isa = PBXGroup;
			children = (
				7E3884C822B21996009D2B46 /* main.swift */,
				7EFA67AD22B6F8CC00B808AF /* Protocols */,
				7EF922A722B5E02C00DB4971 /* Other */,
				7EF922A622B5C14400DB4971 /* Book */,
				7EF922A522B5C10900DB4971 /* User */,
				7EF922A422B5C0ED00DB4971 /* Employee */,
			);
			path = LibraryManagementSystem;
			sourceTree = "<group>";
		};
		7EF922A422B5C0ED00DB4971 /* Employee */ = {
			isa = PBXGroup;
			children = (
				7E3884CF22B21A17009D2B46 /* Employees.swift */,
				7E3884D122B21A62009D2B46 /* Librarian.swift */,
			);
			path = Employee;
			sourceTree = "<group>";
		};
		7EF922A522B5C10900DB4971 /* User */ = {
			isa = PBXGroup;
			children = (
				7E3884DB22B21B68009D2B46 /* Students.swift */,
				7E3884D922B21B5B009D2B46 /* Teachers.swift */,
				7E3884D722B21B49009D2B46 /* Users.swift */,
			);
			path = User;
			sourceTree = "<group>";
		};
		7EF922A622B5C14400DB4971 /* Book */ = {
			isa = PBXGroup;
			children = (
				7E3884DD22B21B87009D2B46 /* Books.swift */,
			);
			path = Book;
			sourceTree = "<group>";
		};
		7EF922A722B5E02C00DB4971 /* Other */ = {
			isa = PBXGroup;
			children = (
				7EF922A822B5E05400DB4971 /* Address.swift */,
			);
			path = Other;
			sourceTree = "<group>";
		};
		7EFA67AD22B6F8CC00B808AF /* Protocols */ = {
			isa = PBXGroup;
			children = (
				7EFA67AE22B6F8F400B808AF /* Display.swift */,
			);
			path = Protocols;
			sourceTree = "<group>";
		};
/* End PBXGroup section */

/* Begin PBXNativeTarget section */
		7E3884C422B21996009D2B46 /* LibraryManagementSystem */ = {
			isa = PBXNativeTarget;
			buildConfigurationList = 7E3884CC22B21996009D2B46 /* Build configuration list for PBXNativeTarget "LibraryManagementSystem" */;
			buildPhases = (
				7E3884C122B21996009D2B46 /* Sources */,
				7E3884C222B21996009D2B46 /* Frameworks */,
				7E3884C322B21996009D2B46 /* CopyFiles */,
			);
			buildRules = (
			);
			dependencies = (
			);
			name = LibraryManagementSystem;
			productName = LibraryManagementSystem;
			productReference = 7E3884C522B21996009D2B46 /* LibraryManagementSystem */;
			productType = "com.apple.product-type.tool";
		};
/* End PBXNativeTarget section */

/* Begin PBXProject section */
		7E3884BD22B21996009D2B46 /* Project object */ = {
			isa = PBXProject;
			attributes = {
				LastSwiftUpdateCheck = 1020;
				LastUpgradeCheck = 1020;
				ORGANIZATIONNAME = "Ankita Pabbi";
				TargetAttributes = {
					7E3884C422B21996009D2B46 = {
						CreatedOnToolsVersion = 10.2.1;
					};
				};
			};
			buildConfigurationList = 7E3884C022B21996009D2B46 /* Build configuration list for PBXProject "LibraryManagementSystem" */;
			compatibilityVersion = "Xcode 9.3";
			developmentRegion = en;
			hasScannedForEncodings = 0;
			knownRegions = (
				en,
			);
			mainGroup = 7E3884BC22B21996009D2B46;
			productRefGroup = 7E3884C622B21996009D2B46 /* Products */;
			projectDirPath = "";
			projectRoot = "";
			targets = (
				7E3884C422B21996009D2B46 /* LibraryManagementSystem */,
			);
		};
/* End PBXProject section */

/* Begin PBXSourcesBuildPhase section */
		7E3884C122B21996009D2B46 /* Sources */ = {
			isa = PBXSourcesBuildPhase;
			buildActionMask = 2147483647;
			files = (
				7E3884D822B21B49009D2B46 /* Users.swift in Sources */,
				7E3884DA22B21B5B009D2B46 /* Teachers.swift in Sources */,
				7E3884D222B21A62009D2B46 /* Librarian.swift in Sources */,
				7E3884DE22B21B87009D2B46 /* Books.swift in Sources */,
				7EFA67AF22B6F8F400B808AF /* Display.swift in Sources */,
				7E3884DC22B21B68009D2B46 /* Students.swift in Sources */,
				7E3884C922B21996009D2B46 /* main.swift in Sources */,
				7EF922A922B5E05400DB4971 /* Address.swift in Sources */,
				7E3884D022B21A17009D2B46 /* Employees.swift in Sources */,
			);
			runOnlyForDeploymentPostprocessing = 0;
		};
/* End PBXSourcesBuildPhase section */

/* Begin XCBuildConfiguration section */
		7E3884CA22B21996009D2B46 /* Debug */ = {
			isa = XCBuildConfiguration;
			buildSettings = {
				ALWAYS_SEARCH_USER_PATHS = NO;
				CLANG_ANALYZER_NONNULL = YES;
				CLANG_ANALYZER_NUMBER_OBJECT_CONVERSION = YES_AGGRESSIVE;
				CLANG_CXX_LANGUAGE_STANDARD = "gnu++14";
				CLANG_CXX_LIBRARY = "libc++";
				CLANG_ENABLE_MODULES = YES;
				CLANG_ENABLE_OBJC_ARC = YES;
				CLANG_ENABLE_OBJC_WEAK = YES;
				CLANG_WARN_BLOCK_CAPTURE_AUTORELEASING = YES;
				CLANG_WARN_BOOL_CONVERSION = YES;
				CLANG_WARN_COMMA = YES;
				CLANG_WARN_CONSTANT_CONVERSION = YES;
				CLANG_WARN_DEPRECATED_OBJC_IMPLEMENTATIONS = YES;
				CLANG_WARN_DIRECT_OBJC_ISA_USAGE = YES_ERROR;
				CLANG_WARN_DOCUMENTATION_COMMENTS = YES;
				CLANG_WARN_EMPTY_BODY = YES;
				CLANG_WARN_ENUM_CONVERSION = YES;
				CLANG_WARN_INFINITE_RECURSION = YES;
				CLANG_WARN_INT_CONVERSION = YES;
				CLANG_WARN_NON_LITERAL_NULL_CONVERSION = YES;
				CLANG_WARN_OBJC_IMPLICIT_RETAIN_SELF = YES;
				CLANG_WARN_OBJC_LITERAL_CONVERSION = YES;
				CLANG_WARN_OBJC_ROOT_CLASS = YES_ERROR;
				CLANG_WARN_RANGE_LOOP_ANALYSIS = YES;
				CLANG_WARN_STRICT_PROTOTYPES = YES;
				CLANG_WARN_SUSPICIOUS_MOVE = YES;
				CLANG_WARN_UNGUARDED_AVAILABILITY = YES_AGGRESSIVE;
				CLANG_WARN_UNREACHABLE_CODE = YES;
				CLANG_WARN__DUPLICATE_METHOD_MATCH = YES;
				CODE_SIGN_IDENTITY = "-";
				COPY_PHASE_STRIP = NO;
				DEBUG_INFORMATION_FORMAT = dwarf;
				ENABLE_STRICT_OBJC_MSGSEND = YES;
				ENABLE_TESTABILITY = YES;
				GCC_C_LANGUAGE_STANDARD = gnu11;
				GCC_DYNAMIC_NO_PIC = NO;
				GCC_NO_COMMON_BLOCKS = YES;
				GCC_OPTIMIZATION_LEVEL = 0;
				GCC_PREPROCESSOR_DEFINITIONS = (
					"DEBUG=1",
					"$(inherited)",
				);
				GCC_WARN_64_TO_32_BIT_CONVERSION = YES;
				GCC_WARN_ABOUT_RETURN_TYPE = YES_ERROR;
				GCC_WARN_UNDECLARED_SELECTOR = YES;
				GCC_WARN_UNINITIALIZED_AUTOS = YES_AGGRESSIVE;
				GCC_WARN_UNUSED_FUNCTION = YES;
				GCC_WARN_UNUSED_VARIABLE = YES;
				MACOSX_DEPLOYMENT_TARGET = 10.14;
				MTL_ENABLE_DEBUG_INFO = INCLUDE_SOURCE;
				MTL_FAST_MATH = YES;
				ONLY_ACTIVE_ARCH = YES;
				SDKROOT = macosx;
				SWIFT_ACTIVE_COMPILATION_CONDITIONS = DEBUG;
				SWIFT_OPTIMIZATION_LEVEL = "-Onone";
			};
			name = Debug;
		};
		7E3884CB22B21996009D2B46 /* Release */ = {
			isa = XCBuildConfiguration;
			buildSettings = {
				ALWAYS_SEARCH_USER_PATHS = NO;
				CLANG_ANALYZER_NONNULL = YES;
				CLANG_ANALYZER_NUMBER_OBJECT_CONVERSION = YES_AGGRESSIVE;
				CLANG_CXX_LANGUAGE_STANDARD = "gnu++14";
				CLANG_CXX_LIBRARY = "libc++";
				CLANG_ENABLE_MODULES = YES;
				CLANG_ENABLE_OBJC_ARC = YES;
				CLANG_ENABLE_OBJC_WEAK = YES;
				CLANG_WARN_BLOCK_CAPTURE_AUTORELEASING = YES;
				CLANG_WARN_BOOL_CONVERSION = YES;
				CLANG_WARN_COMMA = YES;
				CLANG_WARN_CONSTANT_CONVERSION = YES;
				CLANG_WARN_DEPRECATED_OBJC_IMPLEMENTATIONS = YES;
				CLANG_WARN_DIRECT_OBJC_ISA_USAGE = YES_ERROR;
				CLANG_WARN_DOCUMENTATION_COMMENTS = YES;
				CLANG_WARN_EMPTY_BODY = YES;
				CLANG_WARN_ENUM_CONVERSION = YES;
				CLANG_WARN_INFINITE_RECURSION = YES;
				CLANG_WARN_INT_CONVERSION = YES;
				CLANG_WARN_NON_LITERAL_NULL_CONVERSION = YES;
				CLANG_WARN_OBJC_IMPLICIT_RETAIN_SELF = YES;
				CLANG_WARN_OBJC_LITERAL_CONVERSION = YES;
				CLANG_WARN_OBJC_ROOT_CLASS = YES_ERROR;
				CLANG_WARN_RANGE_LOOP_ANALYSIS = YES;
				CLANG_WARN_STRICT_PROTOTYPES = YES;
				CLANG_WARN_SUSPICIOUS_MOVE = YES;
				CLANG_WARN_UNGUARDED_AVAILABILITY = YES_AGGRESSIVE;
				CLANG_WARN_UNREACHABLE_CODE = YES;
				CLANG_WARN__DUPLICATE_METHOD_MATCH = YES;
				CODE_SIGN_IDENTITY = "-";
				COPY_PHASE_STRIP = NO;
				DEBUG_INFORMATION_FORMAT = "dwarf-with-dsym";
				ENABLE_NS_ASSERTIONS = NO;
				ENABLE_STRICT_OBJC_MSGSEND = YES;
				GCC_C_LANGUAGE_STANDARD = gnu11;
				GCC_NO_COMMON_BLOCKS = YES;
				GCC_WARN_64_TO_32_BIT_CONVERSION = YES;
				GCC_WARN_ABOUT_RETURN_TYPE = YES_ERROR;
				GCC_WARN_UNDECLARED_SELECTOR = YES;
				GCC_WARN_UNINITIALIZED_AUTOS = YES_AGGRESSIVE;
				GCC_WARN_UNUSED_FUNCTION = YES;
				GCC_WARN_UNUSED_VARIABLE = YES;
				MACOSX_DEPLOYMENT_TARGET = 10.14;
				MTL_ENABLE_DEBUG_INFO = NO;
				MTL_FAST_MATH = YES;
				SDKROOT = macosx;
				SWIFT_COMPILATION_MODE = wholemodule;
				SWIFT_OPTIMIZATION_LEVEL = "-O";
			};
			name = Release;
		};
		7E3884CD22B21996009D2B46 /* Debug */ = {
			isa = XCBuildConfiguration;
			buildSettings = {
				CODE_SIGN_STYLE = Automatic;
				PRODUCT_NAME = "$(TARGET_NAME)";
				SWIFT_VERSION = 5.0;
			};
			name = Debug;
		};
		7E3884CE22B21996009D2B46 /* Release */ = {
			isa = XCBuildConfiguration;
			buildSettings = {
				CODE_SIGN_STYLE = Automatic;
				PRODUCT_NAME = "$(TARGET_NAME)";
				SWIFT_VERSION = 5.0;
			};
			name = Release;
		};
/* End XCBuildConfiguration section */

/* Begin XCConfigurationList section */
		7E3884C022B21996009D2B46 /* Build configuration list for PBXProject "LibraryManagementSystem" */ = {
			isa = XCConfigurationList;
			buildConfigurations = (
				7E3884CA22B21996009D2B46 /* Debug */,
				7E3884CB22B21996009D2B46 /* Release */,
			);
			defaultConfigurationIsVisible = 0;
			defaultConfigurationName = Release;
		};
		7E3884CC22B21996009D2B46 /* Build configuration list for PBXNativeTarget "LibraryManagementSystem" */ = {
			isa = XCConfigurationList;
			buildConfigurations = (
				7E3884CD22B21996009D2B46 /* Debug */,
				7E3884CE22B21996009D2B46 /* Release */,
			);
			defaultConfigurationIsVisible = 0;
			defaultConfigurationName = Release;
		};
/* End XCConfigurationList section */
	};
	rootObject = 7E3884BD22B21996009D2B46 /* Project object */;
}
